
Microsoft Visual Studio Solution File, Format Version 12.00
# Visual Studio 15
VisualStudioVersion = 15.0.28307.572
MinimumVisualStudioVersion = 10.0.40219.1
Project("{FAE04EC0-301F-11D3-BF4B-00C04F79EFBC}") = "MyWinApp", "MyWinApp\MyWinApp.csproj", "{4BB53611-8009-4AC0-903C-7E1E0E2F37DA}"
EndProject
Global
	GlobalSection(SolutionConfigurationPlatforms) = preSolution
		Debug|Any CPU = Debug|Any CPU
		Release|Any CPU = Release|Any CPU
	EndGlobalSection
	GlobalSection(ProjectConfigurationPlatforms) = postSolution
		{4BB53611-8009-4AC0-903C-7E1E0E2F37DA}.Debug|Any CPU.ActiveCfg = Debug|Any CPU
		{4BB53611-8009-4AC0-903C-7E1E0E2F37DA}.Debug|Any CPU.Build.0 = Debug|Any CPU
		{4BB53611-8009-4AC0-903C-7E1E0E2F37DA}.Release|Any CPU.ActiveCfg = Release|Any CPU
		{4BB53611-8009-4AC0-903C-7E1E0E2F37DA}.Release|Any CPU.Build.0 = Release|Any CPU
	EndGlobalSection
	GlobalSection(SolutionProperties) = preSolution
		HideSolutionNode = FALSE
	EndGlobalSection
	GlobalSection(ExtensibilityGlobals) = postSolution
		SolutionGuid = {042372A8-49D4-403C-BC53-2B62AE2D0359}
	EndGlobalSection
EndGlobal
